
Microsoft Visual Studio Solution File, Format Version 12.00
# Visual Studio Version 17
VisualStudioVersion = 17.7.34031.279
MinimumVisualStudioVersion = 10.0.40219.1
Project("{9A19103F-16F7-4668-BE54-9A1E7A4F7556}") = "PLMS.API", "PLMS\PLMS.API.csproj", "{8FB3BF70-5247-4CD4-9CD5-9F8E90700372}"
EndProject
Project("{9A19103F-16F7-4668-BE54-9A1E7A4F7556}") = "PLMS.DAL", "DAL\PLMS.DAL.csproj", "{EC25F7E1-B7D4-4343-AF90-31783187C4DF}"
EndProject
Project("{9A19103F-16F7-4668-BE54-9A1E7A4F7556}") = "PLMS.DI", "PLMS.DI\PLMS.DI.csproj", "{6974FE89-36BD-4576-932E-A51633DDB8A8}"
EndProject
Project("{2150E333-8FDC-42A3-9474-1A3956D46DE8}") = "PLMS.DAL", "PLMS.DAL", "{1F9E4F04-D6BC-4600-8748-43882F98D8E2}"
EndProject
Project("{2150E333-8FDC-42A3-9474-1A3956D46DE8}") = "PLMS.DI", "PLMS.DI", "{13A56E05-13A0-4F08-A012-2AA1D8E11BA5}"
EndProject
Project("{2150E333-8FDC-42A3-9474-1A3956D46DE8}") = "PLMS.API", "PLMS.API", "{AE32EF93-00F7-4C59-BF77-4BCE0A310886}"
EndProject
Project("{2150E333-8FDC-42A3-9474-1A3956D46DE8}") = "UISchema", "UISchema", "{10B4879D-BC37-4837-BA75-4A94E3B6C110}"
EndProject
Project("{2150E333-8FDC-42A3-9474-1A3956D46DE8}") = "PLMS.BLL", "PLMS.BLL", "{97D68BFE-F7AC-48F2-AF7F-25FD6BCA4DE2}"
EndProject
Project("{9A19103F-16F7-4668-BE54-9A1E7A4F7556}") = "PLMS.BLL", "PLMS.BLL\PLMS.BLL.csproj", "{C36464A5-C495-4DAF-B757-E38087A88060}"
EndProject
Project("{FAE04EC0-301F-11D3-BF4B-00C04F79EFBC}") = "PLMS.Common", "PLMS.Common\PLMS.Common.csproj", "{131DE959-9428-4333-9729-EB22B2507EAA}"
EndProject
Global
	GlobalSection(SolutionConfigurationPlatforms) = preSolution
		Debug|Any CPU = Debug|Any CPU
		Release|Any CPU = Release|Any CPU
	EndGlobalSection
	GlobalSection(ProjectConfigurationPlatforms) = postSolution
		{8FB3BF70-5247-4CD4-9CD5-9F8E90700372}.Debug|Any CPU.ActiveCfg = Debug|Any CPU
		{8FB3BF70-5247-4CD4-9CD5-9F8E90700372}.Debug|Any CPU.Build.0 = Debug|Any CPU
		{8FB3BF70-5247-4CD4-9CD5-9F8E90700372}.Release|Any CPU.ActiveCfg = Release|Any CPU
		{8FB3BF70-5247-4CD4-9CD5-9F8E90700372}.Release|Any CPU.Build.0 = Release|Any CPU
		{EC25F7E1-B7D4-4343-AF90-31783187C4DF}.Debug|Any CPU.ActiveCfg = Debug|Any CPU
		{EC25F7E1-B7D4-4343-AF90-31783187C4DF}.Debug|Any CPU.Build.0 = Debug|Any CPU
		{EC25F7E1-B7D4-4343-AF90-31783187C4DF}.Release|Any CPU.ActiveCfg = Release|Any CPU
		{EC25F7E1-B7D4-4343-AF90-31783187C4DF}.Release|Any CPU.Build.0 = Release|Any CPU
		{6974FE89-36BD-4576-932E-A51633DDB8A8}.Debug|Any CPU.ActiveCfg = Debug|Any CPU
		{6974FE89-36BD-4576-932E-A51633DDB8A8}.Debug|Any CPU.Build.0 = Debug|Any CPU
		{6974FE89-36BD-4576-932E-A51633DDB8A8}.Release|Any CPU.ActiveCfg = Release|Any CPU
		{6974FE89-36BD-4576-932E-A51633DDB8A8}.Release|Any CPU.Build.0 = Release|Any CPU
		{C36464A5-C495-4DAF-B757-E38087A88060}.Debug|Any CPU.ActiveCfg = Debug|Any CPU
		{C36464A5-C495-4DAF-B757-E38087A88060}.Debug|Any CPU.Build.0 = Debug|Any CPU
		{C36464A5-C495-4DAF-B757-E38087A88060}.Release|Any CPU.ActiveCfg = Release|Any CPU
		{C36464A5-C495-4DAF-B757-E38087A88060}.Release|Any CPU.Build.0 = Release|Any CPU
		{131DE959-9428-4333-9729-EB22B2507EAA}.Debug|Any CPU.ActiveCfg = Debug|Any CPU
		{131DE959-9428-4333-9729-EB22B2507EAA}.Debug|Any CPU.Build.0 = Debug|Any CPU
		{131DE959-9428-4333-9729-EB22B2507EAA}.Release|Any CPU.ActiveCfg = Release|Any CPU
		{131DE959-9428-4333-9729-EB22B2507EAA}.Release|Any CPU.Build.0 = Release|Any CPU
	EndGlobalSection
	GlobalSection(SolutionProperties) = preSolution
		HideSolutionNode = FALSE
	EndGlobalSection
	GlobalSection(NestedProjects) = preSolution
		{8FB3BF70-5247-4CD4-9CD5-9F8E90700372} = {AE32EF93-00F7-4C59-BF77-4BCE0A310886}
		{EC25F7E1-B7D4-4343-AF90-31783187C4DF} = {1F9E4F04-D6BC-4600-8748-43882F98D8E2}
		{6974FE89-36BD-4576-932E-A51633DDB8A8} = {13A56E05-13A0-4F08-A012-2AA1D8E11BA5}
		{C36464A5-C495-4DAF-B757-E38087A88060} = {97D68BFE-F7AC-48F2-AF7F-25FD6BCA4DE2}
	EndGlobalSection
	GlobalSection(ExtensibilityGlobals) = postSolution
		SolutionGuid = {6280033A-A6F7-4BD2-8EE0-8A84365E7CAB}
	EndGlobalSection
EndGlobal
